// !$*UTF8*$!
{
	archiveVersion = 1;
	classes = {
	};
	objectVersion = 46;
	objects = {

/* Begin PBXBuildFile section */
		A60930221EAF107D0049EDE0 /* AppDelegate.swift in Sources */ = {isa = PBXBuildFile; fileRef = A60930211EAF107D0049EDE0 /* AppDelegate.swift */; };
		A60930241EAF107D0049EDE0 /* ViewController.swift in Sources */ = {isa = PBXBuildFile; fileRef = A60930231EAF107D0049EDE0 /* ViewController.swift */; };
		A60930271EAF107D0049EDE0 /* Main.storyboard in Resources */ = {isa = PBXBuildFile; fileRef = A60930251EAF107D0049EDE0 /* Main.storyboard */; };
		A60930291EAF107D0049EDE0 /* Assets.xcassets in Resources */ = {isa = PBXBuildFile; fileRef = A60930281EAF107D0049EDE0 /* Assets.xcassets */; };
		A609302C1EAF107D0049EDE0 /* LaunchScreen.storyboard in Resources */ = {isa = PBXBuildFile; fileRef = A609302A1EAF107D0049EDE0 /* LaunchScreen.storyboard */; };
		A60930341EAF17A40049EDE0 /* PinkViewController.swift in Sources */ = {isa = PBXBuildFile; fileRef = A60930331EAF17A40049EDE0 /* PinkViewController.swift */; };
		A60930361EAF1B6A0049EDE0 /* greenViewController.swift in Sources */ = {isa = PBXBuildFile; fileRef = A60930351EAF1B6A0049EDE0 /* greenViewController.swift */; };
		A60930381EAF1BE50049EDE0 /* blueViewController.swift in Sources */ = {isa = PBXBuildFile; fileRef = A60930371EAF1BE50049EDE0 /* blueViewController.swift */; };
/* End PBXBuildFile section */

/* Begin PBXFileReference section */
		A609301E1EAF107D0049EDE0 /* storyboardPractice.app */ = {isa = PBXFileReference; explicitFileType = wrapper.application; includeInIndex = 0; path = storyboardPractice.app; sourceTree = BUILT_PRODUCTS_DIR; };
		A60930211EAF107D0049EDE0 /* AppDelegate.swift */ = {isa = PBXFileReference; lastKnownFileType = sourcecode.swift; path = AppDelegate.swift; sourceTree = "<group>"; };
		A60930231EAF107D0049EDE0 /* ViewController.swift */ = {isa = PBXFileReference; lastKnownFileType = sourcecode.swift; path = ViewController.swift; sourceTree = "<group>"; };
		A60930261EAF107D0049EDE0 /* Base */ = {isa = PBXFileReference; lastKnownFileType = file.storyboard; name = Base; path = Base.lproj/Main.storyboard; sourceTree = "<group>"; };
		A60930281EAF107D0049EDE0 /* Assets.xcassets */ = {isa = PBXFileReference; lastKnownFileType = folder.assetcatalog; path = Assets.xcassets; sourceTree = "<group>"; };
		A609302B1EAF107D0049EDE0 /* Base */ = {isa = PBXFileReference; lastKnownFileType = file.storyboard; name = Base; path = Base.lproj/LaunchScreen.storyboard; sourceTree = "<group>"; };
		A609302D1EAF107D0049EDE0 /* Info.plist */ = {isa = PBXFileReference; lastKnownFileType = text.plist.xml; path = Info.plist; sourceTree = "<group>"; };
		A60930331EAF17A40049EDE0 /* PinkViewController.swift */ = {isa = PBXFileReference; fileEncoding = 4; lastKnownFileType = sourcecode.swift; path = PinkViewController.swift; sourceTree = "<group>"; };
		A60930351EAF1B6A0049EDE0 /* greenViewController.swift */ = {isa = PBXFileReference; fileEncoding = 4; lastKnownFileType = sourcecode.swift; path = greenViewController.swift; sourceTree = "<group>"; };
		A60930371EAF1BE50049EDE0 /* blueViewController.swift */ = {isa = PBXFileReference; fileEncoding = 4; lastKnownFileType = sourcecode.swift; path = blueViewController.swift; sourceTree = "<group>"; };
/* End PBXFileReference section */

/* Begin PBXFrameworksBuildPhase section */
		A609301B1EAF107D0049EDE0 /* Frameworks */ = {
			isa = PBXFrameworksBuildPhase;
			buildActionMask = 2147483647;
			files = (
			);
			runOnlyForDeploymentPostprocessing = 0;
		};
/* End PBXFrameworksBuildPhase section */

/* Begin PBXGroup section */
		A60930151EAF107D0049EDE0 = {
			isa = PBXGroup;
			children = (
				A60930201EAF107D0049EDE0 /* storyboardPractice */,
				A609301F1EAF107D0049EDE0 /* Products */,
			);
			sourceTree = "<group>";
		};
		A609301F1EAF107D0049EDE0 /* Products */ = {
			isa = PBXGroup;
			children = (
				A609301E1EAF107D0049EDE0 /* storyboardPractice.app */,
			);
			name = Products;
			sourceTree = "<group>";
		};
		A60930201EAF107D0049EDE0 /* storyboardPractice */ = {
			isa = PBXGroup;
			children = (
				A60930211EAF107D0049EDE0 /* AppDelegate.swift */,
				A60930231EAF107D0049EDE0 /* ViewController.swift */,
				A60930251EAF107D0049EDE0 /* Main.storyboard */,
				A60930281EAF107D0049EDE0 /* Assets.xcassets */,
				A609302A1EAF107D0049EDE0 /* LaunchScreen.storyboard */,
				A609302D1EAF107D0049EDE0 /* Info.plist */,
				A60930331EAF17A40049EDE0 /* PinkViewController.swift */,
				A60930351EAF1B6A0049EDE0 /* greenViewController.swift */,
				A60930371EAF1BE50049EDE0 /* blueViewController.swift */,
			);
			path = storyboardPractice;
			sourceTree = "<group>";
		};
/* End PBXGroup section */

/* Begin PBXNativeTarget section */
		A609301D1EAF107D0049EDE0 /* storyboardPractice */ = {
			isa = PBXNativeTarget;
			buildConfigurationList = A60930301EAF107D0049EDE0 /* Build configuration list for PBXNativeTarget "storyboardPractice" */;
			buildPhases = (
				A609301A1EAF107D0049EDE0 /* Sources */,
				A609301B1EAF107D0049EDE0 /* Frameworks */,
				A609301C1EAF107D0049EDE0 /* Resources */,
			);
			buildRules = (
			);
			dependencies = (
			);
			name = storyboardPractice;
			productName = storyboardPractice;
			productReference = A609301E1EAF107D0049EDE0 /* storyboardPractice.app */;
			productType = "com.apple.product-type.application";
		};
/* End PBXNativeTarget section */

/* Begin PBXProject section */
		A60930161EAF107D0049EDE0 /* Project object */ = {
			isa = PBXProject;
			attributes = {
				LastSwiftUpdateCheck = 0830;
				LastUpgradeCheck = 0830;
				ORGANIZATIONNAME = "SDS-005";
				TargetAttributes = {
					A609301D1EAF107D0049EDE0 = {
						CreatedOnToolsVersion = 8.3.1;
						DevelopmentTeam = N989626JZQ;
						ProvisioningStyle = Automatic;
					};
				};
			};
			buildConfigurationList = A60930191EAF107D0049EDE0 /* Build configuration list for PBXProject "storyboardPractice" */;
			compatibilityVersion = "Xcode 3.2";
			developmentRegion = English;
			hasScannedForEncodings = 0;
			knownRegions = (
				en,
				Base,
			);
			mainGroup = A60930151EAF107D0049EDE0;
			productRefGroup = A609301F1EAF107D0049EDE0 /* Products */;
			projectDirPath = "";
			projectRoot = "";
			targets = (
				A609301D1EAF107D0049EDE0 /* storyboardPractice */,
			);
		};
/* End PBXProject section */

/* Begin PBXResourcesBuildPhase section */
		A609301C1EAF107D0049EDE0 /* Resources */ = {
			isa = PBXResourcesBuildPhase;
			buildActionMask = 2147483647;
			files = (
				A609302C1EAF107D0049EDE0 /* LaunchScreen.storyboard in Resources */,
				A60930291EAF107D0049EDE0 /* Assets.xcassets in Resources */,
				A60930271EAF107D0049EDE0 /* Main.storyboard in Resources */,
			);
			runOnlyForDeploymentPostprocessing = 0;
		};
/* End PBXResourcesBuildPhase section */

/* Begin PBXSourcesBuildPhase section */
		A609301A1EAF107D0049EDE0 /* Sources */ = {
			isa = PBXSourcesBuildPhase;
			buildActionMask = 2147483647;
			files = (
				A60930361EAF1B6A0049EDE0 /* greenViewController.swift in Sources */,
				A60930381EAF1BE50049EDE0 /* blueViewController.swift in Sources */,
				A60930341EAF17A40049EDE0 /* PinkViewController.swift in Sources */,
				A60930241EAF107D0049EDE0 /* ViewController.swift in Sources */,
				A60930221EAF107D0049EDE0 /* AppDelegate.swift in Sources */,
			);
			runOnlyForDeploymentPostprocessing = 0;
		};
/* End PBXSourcesBuildPhase section */

/* Begin PBXVariantGroup section */
		A60930251EAF107D0049EDE0 /* Main.storyboard */ = {
			isa = PBXVariantGroup;
			children = (
				A60930261EAF107D0049EDE0 /* Base */,
			);
			name = Main.storyboard;
			sourceTree = "<group>";
		};
		A609302A1EAF107D0049EDE0 /* LaunchScreen.storyboard */ = {
			isa = PBXVariantGroup;
			children = (
				A609302B1EAF107D0049EDE0 /* Base */,
			);
			name = LaunchScreen.storyboard;
			sourceTree = "<group>";
		};
/* End PBXVariantGroup section */

/* Begin XCBuildConfiguration section */
		A609302E1EAF107D0049EDE0 /* Debug */ = {
			isa = XCBuildConfiguration;
			buildSettings = {
				ALWAYS_SEARCH_USER_PATHS = NO;
				CLANG_ANALYZER_NONNULL = YES;
				CLANG_ANALYZER_NUMBER_OBJECT_CONVERSION = YES_AGGRESSIVE;
				CLANG_CXX_LANGUAGE_STANDARD = "gnu++0x";
				CLANG_CXX_LIBRARY = "libc++";
				CLANG_ENABLE_MODULES = YES;
				CLANG_ENABLE_OBJC_ARC = YES;
				CLANG_WARN_BOOL_CONVERSION = YES;
				CLANG_WARN_CONSTANT_CONVERSION = YES;
				CLANG_WARN_DIRECT_OBJC_ISA_USAGE = YES_ERROR;
				CLANG_WARN_DOCUMENTATION_COMMENTS = YES;
				CLANG_WARN_EMPTY_BODY = YES;
				CLANG_WARN_ENUM_CONVERSION = YES;
				CLANG_WARN_INFINITE_RECURSION = YES;
				CLANG_WARN_INT_CONVERSION = YES;
				CLANG_WARN_OBJC_ROOT_CLASS = YES_ERROR;
				CLANG_WARN_SUSPICIOUS_MOVE = YES;
				CLANG_WARN_UNREACHABLE_CODE = YES;
				CLANG_WARN__DUPLICATE_METHOD_MATCH = YES;
				"CODE_SIGN_IDENTITY[sdk=iphoneos*]" = "iPhone Developer";
				COPY_PHASE_STRIP = NO;
				DEBUG_INFORMATION_FORMAT = dwarf;
				ENABLE_STRICT_OBJC_MSGSEND = YES;
				ENABLE_TESTABILITY = YES;
				GCC_C_LANGUAGE_STANDARD = gnu99;
				GCC_DYNAMIC_NO_PIC = NO;
				GCC_NO_COMMON_BLOCKS = YES;
				GCC_OPTIMIZATION_LEVEL = 0;
				GCC_PREPROCESSOR_DEFINITIONS = (
					"DEBUG=1",
					"$(inherited)",
				);
				GCC_WARN_64_TO_32_BIT_CONVERSION = YES;
				GCC_WARN_ABOUT_RETURN_TYPE = YES_ERROR;
				GCC_WARN_UNDECLARED_SELECTOR = YES;
				GCC_WARN_UNINITIALIZED_AUTOS = YES_AGGRESSIVE;
				GCC_WARN_UNUSED_FUNCTION = YES;
				GCC_WARN_UNUSED_VARIABLE = YES;
				IPHONEOS_DEPLOYMENT_TARGET = 10.3;
				MTL_ENABLE_DEBUG_INFO = YES;
				ONLY_ACTIVE_ARCH = YES;
				SDKROOT = iphoneos;
				SWIFT_ACTIVE_COMPILATION_CONDITIONS = DEBUG;
				SWIFT_OPTIMIZATION_LEVEL = "-Onone";
			};
			name = Debug;
		};
		A609302F1EAF107D0049EDE0 /* Release */ = {
			isa = XCBuildConfiguration;
			buildSettings = {
				ALWAYS_SEARCH_USER_PATHS = NO;
				CLANG_ANALYZER_NONNULL = YES;
				CLANG_ANALYZER_NUMBER_OBJECT_CONVERSION = YES_AGGRESSIVE;
				CLANG_CXX_LANGUAGE_STANDARD = "gnu++0x";
				CLANG_CXX_LIBRARY = "libc++";
				CLANG_ENABLE_MODULES = YES;
				CLANG_ENABLE_OBJC_ARC = YES;
				CLANG_WARN_BOOL_CONVERSION = YES;
				CLANG_WARN_CONSTANT_CONVERSION = YES;
				CLANG_WARN_DIRECT_OBJC_ISA_USAGE = YES_ERROR;
				CLANG_WARN_DOCUMENTATION_COMMENTS = YES;
				CLANG_WARN_EMPTY_BODY = YES;
				CLANG_WARN_ENUM_CONVERSION = YES;
				CLANG_WARN_INFINITE_RECURSION = YES;
				CLANG_WARN_INT_CONVERSION = YES;
				CLANG_WARN_OBJC_ROOT_CLASS = YES_ERROR;
				CLANG_WARN_SUSPICIOUS_MOVE = YES;
				CLANG_WARN_UNREACHABLE_CODE = YES;
				CLANG_WARN__DUPLICATE_METHOD_MATCH = YES;
				"CODE_SIGN_IDENTITY[sdk=iphoneos*]" = "iPhone Developer";
				COPY_PHASE_STRIP = NO;
				DEBUG_INFORMATION_FORMAT = "dwarf-with-dsym";
				ENABLE_NS_ASSERTIONS = NO;
				ENABLE_STRICT_OBJC_MSGSEND = YES;
				GCC_C_LANGUAGE_STANDARD = gnu99;
				GCC_NO_COMMON_BLOCKS = YES;
				GCC_WARN_64_TO_32_BIT_CONVERSION = YES;
				GCC_WARN_ABOUT_RETURN_TYPE = YES_ERROR;
				GCC_WARN_UNDECLARED_SELECTOR = YES;
				GCC_WARN_UNINITIALIZED_AUTOS = YES_AGGRESSIVE;
				GCC_WARN_UNUSED_FUNCTION = YES;
				GCC_WARN_UNUSED_VARIABLE = YES;
				IPHONEOS_DEPLOYMENT_TARGET = 10.3;
				MTL_ENABLE_DEBUG_INFO = NO;
				SDKROOT = iphoneos;
				SWIFT_OPTIMIZATION_LEVEL = "-Owholemodule";
				VALIDATE_PRODUCT = YES;
			};
			name = Release;
		};
		A60930311EAF107D0049EDE0 /* Debug */ = {
			isa = XCBuildConfiguration;
			buildSettings = {
				ASSETCATALOG_COMPILER_APPICON_NAME = AppIcon;
				DEVELOPMENT_TEAM = N989626JZQ;
				INFOPLIST_FILE = storyboardPractice/Info.plist;
				LD_RUNPATH_SEARCH_PATHS = "$(inherited) @executable_path/Frameworks";
				PRODUCT_BUNDLE_IDENTIFIER = sds.storyboardPractice;
				PRODUCT_NAME = "$(TARGET_NAME)";
				SWIFT_VERSION = 3.0;
			};
			name = Debug;
		};
		A60930321EAF107D0049EDE0 /* Release */ = {
			isa = XCBuildConfiguration;
			buildSettings = {
				ASSETCATALOG_COMPILER_APPICON_NAME = AppIcon;
				DEVELOPMENT_TEAM = N989626JZQ;
				INFOPLIST_FILE = storyboardPractice/Info.plist;
				LD_RUNPATH_SEARCH_PATHS = "$(inherited) @executable_path/Frameworks";
				PRODUCT_BUNDLE_IDENTIFIER = sds.storyboardPractice;
				PRODUCT_NAME = "$(TARGET_NAME)";
				SWIFT_VERSION = 3.0;
			};
			name = Release;
		};
/* End XCBuildConfiguration section */

/* Begin XCConfigurationList section */
		A60930191EAF107D0049EDE0 /* Build configuration list for PBXProject "storyboardPractice" */ = {
			isa = XCConfigurationList;
			buildConfigurations = (
				A609302E1EAF107D0049EDE0 /* Debug */,
				A609302F1EAF107D0049EDE0 /* Release */,
			);
			defaultConfigurationIsVisible = 0;
			defaultConfigurationName = Release;
		};
		A60930301EAF107D0049EDE0 /* Build configuration list for PBXNativeTarget "storyboardPractice" */ = {
			isa = XCConfigurationList;
			buildConfigurations = (
				A60930311EAF107D0049EDE0 /* Debug */,
				A60930321EAF107D0049EDE0 /* Release */,
			);
			defaultConfigurationIsVisible = 0;
		};
/* End XCConfigurationList section */
	};
	rootObject = A60930161EAF107D0049EDE0 /* Project object */;
}
